schema: '2.0'
stages:
  data_load:
    cmd: uv run python -m src.stages.data_load
    deps:
    - path: config.yaml
      hash: md5
      md5: 6c7534f12c7134a4710b004d165b8faf
      size: 581
    - path: src/data/make_dataset.py
      hash: md5
      md5: a6f01408e0a325b17153d590802939f5
      size: 991
    - path: src/stages/data_load.py
      hash: md5
      md5: fbf4760fdab687d90f12a08c508600ba
      size: 965
    outs:
    - path: data/interim/test_raw.csv
      hash: md5
      md5: 96fdd9f251ef8c7251390f6a7944646b
      size: 4908
    - path: data/interim/train_raw.csv
      hash: md5
      md5: 5714b0df39c38034b45a83baaf3c37d5
      size: 19217
  preprocess:
    cmd: uv run python -m src.stages.data_preprocess
    deps:
    - path: data/interim/test_raw.csv
      hash: md5
      md5: 96fdd9f251ef8c7251390f6a7944646b
      size: 4908
    - path: data/interim/train_raw.csv
      hash: md5
      md5: 5714b0df39c38034b45a83baaf3c37d5
      size: 19217
    - path: src/features/
      hash: md5
      md5: dc9c30e3cc388c7f693584b340e5435f.dir
      size: 14825
      nfiles: 5
    - path: src/stages/data_preprocess.py
      hash: md5
      md5: 7b8b4f7c30ad99a463183f5cc30f9fd8
      size: 2397
    outs:
    - path: data/processed/test_processed.csv
      hash: md5
      md5: f4cc0bf5d6e438182092365246288f4c
      size: 6713
    - path: data/processed/train_processed.csv
      hash: md5
      md5: 14833e6bb64194917556e9f927235013
      size: 26257
    - path: models/preprocessor.joblib
      hash: md5
      md5: adc4ea075d67b11a3f71839a14dd626f
      size: 1882
  train:
    cmd: uv run python -m src.stages.train
    deps:
    - path: config.yaml
      hash: md5
      md5: 6c7534f12c7134a4710b004d165b8faf
      size: 581
    - path: data/processed/train_processed.csv
      hash: md5
      md5: 14833e6bb64194917556e9f927235013
      size: 26257
    - path: src/stages/train.py
      hash: md5
      md5: 6494916aabd82a8e795893982d5f2f5e
      size: 1120
    outs:
    - path: models/model.joblib
      hash: md5
      md5: 18a3d1c569a93add880f43505fe4983c
      size: 1004717
  evaluate:
    cmd: uv run python -m src.stages.evaluate
    deps:
    - path: data/processed/test_processed.csv
      hash: md5
      md5: f4cc0bf5d6e438182092365246288f4c
      size: 6713
    - path: models/model.joblib
      hash: md5
      md5: 18a3d1c569a93add880f43505fe4983c
      size: 1004717
    - path: src/stages/evaluate.py
      hash: md5
      md5: eb983a88ca4a354d57aacb55afd62b67
      size: 1051
    outs:
    - path: reports/metrics.txt
      hash: md5
      md5: 7b8ff02761f831c88c6cb4241f450a22
      size: 364
